// !$*UTF8*$!
{
	archiveVersion = 1;
	classes = {
	};
	objectVersion = 46;
	objects = {

/* Begin PBXBuildFile section */
		1492FFF312D76FEA00E385DC /* arsenic.cpp in Sources */ = {isa = PBXBuildFile; fileRef = 1492FFF112D76FEA00E385DC /* arsenic.cpp */; };
		1492FFF812D7704800E385DC /* memoryfile.cpp in Sources */ = {isa = PBXBuildFile; fileRef = 1492FFF612D7704800E385DC /* memoryfile.cpp */; };
		14F67F2312D76CED00D852B1 /* main.cpp in Sources */ = {isa = PBXBuildFile; fileRef = 14F67F2212D76CED00D852B1 /* main.cpp */; };
		14F67F3512D76E1200D852B1 /* Makefile in Sources */ = {isa = PBXBuildFile; fileRef = 14F67F3412D76E1200D852B1 /* Makefile */; };
/* End PBXBuildFile section */

/* Begin PBXCopyFilesBuildPhase section */
		14F67F1C12D76CED00D852B1 /* CopyFiles */ = {
			isa = PBXCopyFilesBuildPhase;
			buildActionMask = 2147483647;
			dstPath = /usr/share/man/man1/;
			dstSubfolderSpec = 0;
			files = (
			);
			runOnlyForDeploymentPostprocessing = 1;
		};
/* End PBXCopyFilesBuildPhase section */

/* Begin PBXFileReference section */
		146AD9F112D77C0500AB7B90 /* plist.cpp */ = {isa = PBXFileReference; fileEncoding = 4; lastKnownFileType = sourcecode.cpp.cpp; path = plist.cpp; sourceTree = "<group>"; };
		146AD9F212D77C0500AB7B90 /* plist.h */ = {isa = PBXFileReference; fileEncoding = 4; lastKnownFileType = sourcecode.c.h; path = plist.h; sourceTree = "<group>"; };
		1492FFF112D76FEA00E385DC /* arsenic.cpp */ = {isa = PBXFileReference; fileEncoding = 4; lastKnownFileType = sourcecode.cpp.cpp; path = arsenic.cpp; sourceTree = "<group>"; };
		1492FFF212D76FEA00E385DC /* arsenic.h */ = {isa = PBXFileReference; fileEncoding = 4; lastKnownFileType = sourcecode.c.h; path = arsenic.h; sourceTree = "<group>"; };
		1492FFF512D7702600E385DC /* common.h */ = {isa = PBXFileReference; fileEncoding = 4; lastKnownFileType = sourcecode.c.h; path = common.h; sourceTree = "<group>"; };
		1492FFF612D7704800E385DC /* memoryfile.cpp */ = {isa = PBXFileReference; fileEncoding = 4; lastKnownFileType = sourcecode.cpp.cpp; path = memoryfile.cpp; sourceTree = "<group>"; };
		1492FFF712D7704800E385DC /* memoryfile.h */ = {isa = PBXFileReference; fileEncoding = 4; lastKnownFileType = sourcecode.c.h; path = memoryfile.h; sourceTree = "<group>"; };
		14F67F1E12D76CED00D852B1 /* ArsenicX */ = {isa = PBXFileReference; explicitFileType = "compiled.mach-o.executable"; includeInIndex = 0; path = ArsenicX; sourceTree = BUILT_PRODUCTS_DIR; };
		14F67F2112D76CED00D852B1 /* ArsenicX.1 */ = {isa = PBXFileReference; lastKnownFileType = text.man; path = ArsenicX.1; sourceTree = "<group>"; };
		14F67F2212D76CED00D852B1 /* main.cpp */ = {isa = PBXFileReference; lastKnownFileType = sourcecode.cpp.cpp; path = main.cpp; sourceTree = "<group>"; };
		14F67F3412D76E1200D852B1 /* Makefile */ = {isa = PBXFileReference; fileEncoding = 4; lastKnownFileType = sourcecode.make; path = Makefile; sourceTree = "<group>"; };
/* End PBXFileReference section */

/* Begin PBXFrameworksBuildPhase section */
		14F67F1B12D76CED00D852B1 /* Frameworks */ = {
			isa = PBXFrameworksBuildPhase;
			buildActionMask = 2147483647;
			files = (
			);
			runOnlyForDeploymentPostprocessing = 0;
		};
/* End PBXFrameworksBuildPhase section */

/* Begin PBXGroup section */
		14F67F1112D76CEC00D852B1 = {
			isa = PBXGroup;
			children = (
				14F67F3412D76E1200D852B1 /* Makefile */,
				14F67F1812D76CED00D852B1 /* Source */,
				14F67F1912D76CED00D852B1 /* Documentation */,
				14F67F1F12D76CED00D852B1 /* Products */,
			);
			sourceTree = "<group>";
		};
		14F67F1812D76CED00D852B1 /* Source */ = {
			isa = PBXGroup;
			children = (
				14F67F2212D76CED00D852B1 /* main.cpp */,
				1492FFF112D76FEA00E385DC /* arsenic.cpp */,
				1492FFF212D76FEA00E385DC /* arsenic.h */,
				1492FFF512D7702600E385DC /* common.h */,
				1492FFF612D7704800E385DC /* memoryfile.cpp */,
				1492FFF712D7704800E385DC /* memoryfile.h */,
				146AD9F112D77C0500AB7B90 /* plist.cpp */,
				146AD9F212D77C0500AB7B90 /* plist.h */,
			);
			path = Source;
			sourceTree = "<group>";
		};
		14F67F1912D76CED00D852B1 /* Documentation */ = {
			isa = PBXGroup;
			children = (
				14F67F2112D76CED00D852B1 /* ArsenicX.1 */,
			);
			name = Documentation;
			sourceTree = "<group>";
		};
		14F67F1F12D76CED00D852B1 /* Products */ = {
			isa = PBXGroup;
			children = (
				14F67F1E12D76CED00D852B1 /* ArsenicX */,
			);
			name = Products;
			sourceTree = "<group>";
		};
/* End PBXGroup section */

/* Begin PBXLegacyTarget section */
		14F67F2912D76D2D00D852B1 /* Arsenic-GNU */ = {
			isa = PBXLegacyTarget;
			buildArgumentsString = "mach $(ACTION)";
			buildConfigurationList = 14F67F2C12D76D2D00D852B1 /* Build configuration list for PBXLegacyTarget "Arsenic-GNU" */;
			buildPhases = (
			);
			buildToolPath = /usr/bin/make;
			buildWorkingDirectory = "";
			dependencies = (
			);
			name = "Arsenic-GNU";
			passBuildSettingsInEnvironment = 1;
			productName = "Arsenic-GNU";
		};
/* End PBXLegacyTarget section */

/* Begin PBXNativeTarget section */
		14F67F1D12D76CED00D852B1 /* ArsenicX */ = {
			isa = PBXNativeTarget;
			buildConfigurationList = 14F67F2612D76CED00D852B1 /* Build configuration list for PBXNativeTarget "ArsenicX" */;
			buildPhases = (
				14F67F1A12D76CED00D852B1 /* Sources */,
				14F67F1B12D76CED00D852B1 /* Frameworks */,
				14F67F1C12D76CED00D852B1 /* CopyFiles */,
			);
			buildRules = (
			);
			dependencies = (
			);
			name = ArsenicX;
			productName = ArsenicX;
			productReference = 14F67F1E12D76CED00D852B1 /* ArsenicX */;
			productType = "com.apple.product-type.tool";
		};
/* End PBXNativeTarget section */

/* Begin PBXProject section */
		14F67F1312D76CEC00D852B1 /* Project object */ = {
			isa = PBXProject;
			buildConfigurationList = 14F67F1612D76CEC00D852B1 /* Build configuration list for PBXProject "ArsenicX" */;
			compatibilityVersion = "Xcode 3.2";
			developmentRegion = English;
			hasScannedForEncodings = 0;
			knownRegions = (
				en,
			);
			mainGroup = 14F67F1112D76CEC00D852B1;
			productRefGroup = 14F67F1F12D76CED00D852B1 /* Products */;
			projectDirPath = "";
			projectRoot = "";
			targets = (
				14F67F1D12D76CED00D852B1 /* ArsenicX */,
				14F67F2912D76D2D00D852B1 /* Arsenic-GNU */,
			);
		};
/* End PBXProject section */

/* Begin PBXSourcesBuildPhase section */
		14F67F1A12D76CED00D852B1 /* Sources */ = {
			isa = PBXSourcesBuildPhase;
			buildActionMask = 2147483647;
			files = (
				14F67F2312D76CED00D852B1 /* main.cpp in Sources */,
				14F67F3512D76E1200D852B1 /* Makefile in Sources */,
				1492FFF312D76FEA00E385DC /* arsenic.cpp in Sources */,
				1492FFF812D7704800E385DC /* memoryfile.cpp in Sources */,
			);
			runOnlyForDeploymentPostprocessing = 0;
		};
/* End PBXSourcesBuildPhase section */

/* Begin XCBuildConfiguration section */
		14F67F2412D76CED00D852B1 /* Debug */ = {
			isa = XCBuildConfiguration;
			buildSettings = {
				ARCHS = "$(ARCHS_STANDARD_32_64_BIT)";
				GCC_C_LANGUAGE_STANDARD = gnu99;
				GCC_OPTIMIZATION_LEVEL = 0;
				GCC_PREPROCESSOR_DEFINITIONS = DEBUG;
				GCC_VERSION = com.apple.compilers.llvm.clang.1_0;
				GCC_WARN_ABOUT_RETURN_TYPE = YES;
				GCC_WARN_UNUSED_VARIABLE = YES;
				MACOSX_DEPLOYMENT_TARGET = 10.6;
				ONLY_ACTIVE_ARCH = YES;
				PREBINDING = NO;
				PRELINK_LIBS = libxml2;
				SDKROOT = macosx;
			};
			name = Debug;
		};
		14F67F2512D76CED00D852B1 /* Release */ = {
			isa = XCBuildConfiguration;
			buildSettings = {
				ARCHS = "$(ARCHS_STANDARD_32_64_BIT)";
				GCC_C_LANGUAGE_STANDARD = gnu99;
				GCC_VERSION = com.apple.compilers.llvm.clang.1_0;
				GCC_WARN_ABOUT_RETURN_TYPE = YES;
				GCC_WARN_UNUSED_VARIABLE = YES;
				MACOSX_DEPLOYMENT_TARGET = 10.6;
				PREBINDING = NO;
				PRELINK_LIBS = libxml2;
				SDKROOT = macosx;
			};
			name = Release;
		};
		14F67F2712D76CED00D852B1 /* Debug */ = {
			isa = XCBuildConfiguration;
			buildSettings = {
				ALWAYS_SEARCH_USER_PATHS = NO;
				COPY_PHASE_STRIP = NO;
				GCC_DYNAMIC_NO_PIC = NO;
				GCC_ENABLE_OBJC_EXCEPTIONS = YES;
				INSTALL_PATH = /usr/local/bin;
				PRODUCT_NAME = "$(TARGET_NAME)";
			};
			name = Debug;
		};
		14F67F2812D76CED00D852B1 /* Release */ = {
			isa = XCBuildConfiguration;
			buildSettings = {
				ALWAYS_SEARCH_USER_PATHS = NO;
				COPY_PHASE_STRIP = YES;
				DEBUG_INFORMATION_FORMAT = "dwarf-with-dsym";
				GCC_ENABLE_OBJC_EXCEPTIONS = YES;
				INSTALL_PATH = /usr/local/bin;
				PRODUCT_NAME = "$(TARGET_NAME)";
			};
			name = Release;
		};
		14F67F2A12D76D2D00D852B1 /* Debug */ = {
			isa = XCBuildConfiguration;
			buildSettings = {
			};
			name = Debug;
		};
		14F67F2B12D76D2D00D852B1 /* Release */ = {
			isa = XCBuildConfiguration;
			buildSettings = {
			};
			name = Release;
		};
		14F67F2D12D76D2D00D852B1 /* Debug */ = {
			isa = XCBuildConfiguration;
			buildSettings = {
				ALWAYS_SEARCH_USER_PATHS = NO;
				COPY_PHASE_STRIP = NO;
				DEBUGGING_SYMBOLS = YES;
				GCC_DYNAMIC_NO_PIC = NO;
				GCC_ENABLE_OBJC_EXCEPTIONS = YES;
				GCC_GENERATE_DEBUGGING_SYMBOLS = YES;
				GCC_OPTIMIZATION_LEVEL = 0;
				MACOSX_DEPLOYMENT_TARGET = 10.6;
				OTHER_CFLAGS = "";
				OTHER_LDFLAGS = "";
				PRODUCT_NAME = "$(TARGET_NAME)";
			};
			name = Debug;
		};
		14F67F2E12D76D2D00D852B1 /* Release */ = {
			isa = XCBuildConfiguration;
			buildSettings = {
				ALWAYS_SEARCH_USER_PATHS = NO;
				COPY_PHASE_STRIP = YES;
				DEBUG_INFORMATION_FORMAT = "dwarf-with-dsym";
				GCC_ENABLE_OBJC_EXCEPTIONS = YES;
				MACOSX_DEPLOYMENT_TARGET = 10.6;
				OTHER_CFLAGS = "";
				OTHER_LDFLAGS = "";
				PRODUCT_NAME = "$(TARGET_NAME)";
			};
			name = Release;
		};
		14F67F2F12D76D2D00D852B1 /* Debug */ = {
			isa = XCBuildConfiguration;
			buildSettings = {
				COPY_PHASE_STRIP = NO;
				GCC_DYNAMIC_NO_PIC = NO;
				GCC_OPTIMIZATION_LEVEL = 0;
				PRODUCT_NAME = "Arsenic-GNU";
			};
			name = Debug;
		};
		14F67F3012D76D2D00D852B1 /* Release */ = {
			isa = XCBuildConfiguration;
			buildSettings = {
				COPY_PHASE_STRIP = YES;
				DEBUG_INFORMATION_FORMAT = "dwarf-with-dsym";
				PRODUCT_NAME = "Arsenic-GNU";
			};
			name = Release;
		};
/* End XCBuildConfiguration section */

/* Begin XCConfigurationList section */
		14F67F1612D76CEC00D852B1 /* Build configuration list for PBXProject "ArsenicX" */ = {
			isa = XCConfigurationList;
			buildConfigurations = (
				14F67F2412D76CED00D852B1 /* Debug */,
				14F67F2512D76CED00D852B1 /* Release */,
				14F67F2A12D76D2D00D852B1 /* Debug */,
				14F67F2B12D76D2D00D852B1 /* Release */,
			);
			defaultConfigurationIsVisible = 0;
			defaultConfigurationName = Release;
		};
		14F67F2612D76CED00D852B1 /* Build configuration list for PBXNativeTarget "ArsenicX" */ = {
			isa = XCConfigurationList;
			buildConfigurations = (
				14F67F2712D76CED00D852B1 /* Debug */,
				14F67F2812D76CED00D852B1 /* Release */,
			);
			defaultConfigurationIsVisible = 0;
			defaultConfigurationName = Release;
		};
		14F67F2C12D76D2D00D852B1 /* Build configuration list for PBXLegacyTarget "Arsenic-GNU" */ = {
			isa = XCConfigurationList;
			buildConfigurations = (
				14F67F2D12D76D2D00D852B1 /* Debug */,
				14F67F2E12D76D2D00D852B1 /* Release */,
				14F67F2F12D76D2D00D852B1 /* Debug */,
				14F67F3012D76D2D00D852B1 /* Release */,
			);
			defaultConfigurationIsVisible = 0;
			defaultConfigurationName = Release;
		};
/* End XCConfigurationList section */
	};
	rootObject = 14F67F1312D76CEC00D852B1 /* Project object */;
}
